// !$*UTF8*$!
{
	archiveVersion = 1;
	classes = {
	};
	objectVersion = 50;
	objects = {

/* Begin PBXBuildFile section */
		228DC16123F4BE6800DE95E6 /* AppDelegate.swift in Sources */ = {isa = PBXBuildFile; fileRef = 228DC16023F4BE6800DE95E6 /* AppDelegate.swift */; };
		228DC16323F4BE6800DE95E6 /* SceneDelegate.swift in Sources */ = {isa = PBXBuildFile; fileRef = 228DC16223F4BE6800DE95E6 /* SceneDelegate.swift */; };
		228DC16523F4BE6800DE95E6 /* ViewController.swift in Sources */ = {isa = PBXBuildFile; fileRef = 228DC16423F4BE6800DE95E6 /* ViewController.swift */; };
		228DC16823F4BE6800DE95E6 /* Main.storyboard in Resources */ = {isa = PBXBuildFile; fileRef = 228DC16623F4BE6800DE95E6 /* Main.storyboard */; };
		228DC16A23F4BE6B00DE95E6 /* Assets.xcassets in Resources */ = {isa = PBXBuildFile; fileRef = 228DC16923F4BE6B00DE95E6 /* Assets.xcassets */; };
		228DC16D23F4BE6B00DE95E6 /* LaunchScreen.storyboard in Resources */ = {isa = PBXBuildFile; fileRef = 228DC16B23F4BE6B00DE95E6 /* LaunchScreen.storyboard */; };
		228DC17823F4BE6B00DE95E6 /* Support_ClientTests.swift in Sources */ = {isa = PBXBuildFile; fileRef = 228DC17723F4BE6B00DE95E6 /* Support_ClientTests.swift */; };
		228DC18323F4BE6B00DE95E6 /* Support_ClientUITests.swift in Sources */ = {isa = PBXBuildFile; fileRef = 228DC18223F4BE6B00DE95E6 /* Support_ClientUITests.swift */; };
		2839CBDE66C3BE3EC310396B /* Pods_Support_Client.framework in Frameworks */ = {isa = PBXBuildFile; fileRef = ECAD5CD4FFEFC6E6F89C57FB /* Pods_Support_Client.framework */; };
		C2B60613F81D7E58C9CE2B44 /* Pods_Support_Client_Support_ClientUITests.framework in Frameworks */ = {isa = PBXBuildFile; fileRef = B748E62699F7EB9827A07F20 /* Pods_Support_Client_Support_ClientUITests.framework */; };
		DF87B096A7F98295B9367203 /* Pods_Support_ClientTests.framework in Frameworks */ = {isa = PBXBuildFile; fileRef = 2F0C45A19BBCC75547F9590D /* Pods_Support_ClientTests.framework */; };
/* End PBXBuildFile section */

/* Begin PBXContainerItemProxy section */
		228DC17423F4BE6B00DE95E6 /* PBXContainerItemProxy */ = {
			isa = PBXContainerItemProxy;
			containerPortal = 228DC15523F4BE6800DE95E6 /* Project object */;
			proxyType = 1;
			remoteGlobalIDString = 228DC15C23F4BE6800DE95E6;
			remoteInfo = "Support-Client";
		};
		228DC17F23F4BE6B00DE95E6 /* PBXContainerItemProxy */ = {
			isa = PBXContainerItemProxy;
			containerPortal = 228DC15523F4BE6800DE95E6 /* Project object */;
			proxyType = 1;
			remoteGlobalIDString = 228DC15C23F4BE6800DE95E6;
			remoteInfo = "Support-Client";
		};
/* End PBXContainerItemProxy section */

/* Begin PBXFileReference section */
		05848653F7128EE7519AC7BE /* Pods-Support-Client.release.xcconfig */ = {isa = PBXFileReference; includeInIndex = 1; lastKnownFileType = text.xcconfig; name = "Pods-Support-Client.release.xcconfig"; path = "Target Support Files/Pods-Support-Client/Pods-Support-Client.release.xcconfig"; sourceTree = "<group>"; };
		1A9F1B3671AB68D1F346A9FC /* Pods-Support-ClientTests.release.xcconfig */ = {isa = PBXFileReference; includeInIndex = 1; lastKnownFileType = text.xcconfig; name = "Pods-Support-ClientTests.release.xcconfig"; path = "Target Support Files/Pods-Support-ClientTests/Pods-Support-ClientTests.release.xcconfig"; sourceTree = "<group>"; };
		20BD3508B111F4B77389672F /* Pods-Support-Client-Support-ClientUITests.release.xcconfig */ = {isa = PBXFileReference; includeInIndex = 1; lastKnownFileType = text.xcconfig; name = "Pods-Support-Client-Support-ClientUITests.release.xcconfig"; path = "Target Support Files/Pods-Support-Client-Support-ClientUITests/Pods-Support-Client-Support-ClientUITests.release.xcconfig"; sourceTree = "<group>"; };
		228DC15D23F4BE6800DE95E6 /* Support-Client.app */ = {isa = PBXFileReference; explicitFileType = wrapper.application; includeInIndex = 0; path = "Support-Client.app"; sourceTree = BUILT_PRODUCTS_DIR; };
		228DC16023F4BE6800DE95E6 /* AppDelegate.swift */ = {isa = PBXFileReference; lastKnownFileType = sourcecode.swift; path = AppDelegate.swift; sourceTree = "<group>"; };
		228DC16223F4BE6800DE95E6 /* SceneDelegate.swift */ = {isa = PBXFileReference; lastKnownFileType = sourcecode.swift; path = SceneDelegate.swift; sourceTree = "<group>"; };
		228DC16423F4BE6800DE95E6 /* ViewController.swift */ = {isa = PBXFileReference; lastKnownFileType = sourcecode.swift; path = ViewController.swift; sourceTree = "<group>"; };
		228DC16723F4BE6800DE95E6 /* Base */ = {isa = PBXFileReference; lastKnownFileType = file.storyboard; name = Base; path = Base.lproj/Main.storyboard; sourceTree = "<group>"; };
		228DC16923F4BE6B00DE95E6 /* Assets.xcassets */ = {isa = PBXFileReference; lastKnownFileType = folder.assetcatalog; path = Assets.xcassets; sourceTree = "<group>"; };
		228DC16C23F4BE6B00DE95E6 /* Base */ = {isa = PBXFileReference; lastKnownFileType = file.storyboard; name = Base; path = Base.lproj/LaunchScreen.storyboard; sourceTree = "<group>"; };
		228DC16E23F4BE6B00DE95E6 /* Info.plist */ = {isa = PBXFileReference; lastKnownFileType = text.plist.xml; path = Info.plist; sourceTree = "<group>"; };
		228DC17323F4BE6B00DE95E6 /* Support-ClientTests.xctest */ = {isa = PBXFileReference; explicitFileType = wrapper.cfbundle; includeInIndex = 0; path = "Support-ClientTests.xctest"; sourceTree = BUILT_PRODUCTS_DIR; };
		228DC17723F4BE6B00DE95E6 /* Support_ClientTests.swift */ = {isa = PBXFileReference; lastKnownFileType = sourcecode.swift; path = Support_ClientTests.swift; sourceTree = "<group>"; };
		228DC17923F4BE6B00DE95E6 /* Info.plist */ = {isa = PBXFileReference; lastKnownFileType = text.plist.xml; path = Info.plist; sourceTree = "<group>"; };
		228DC17E23F4BE6B00DE95E6 /* Support-ClientUITests.xctest */ = {isa = PBXFileReference; explicitFileType = wrapper.cfbundle; includeInIndex = 0; path = "Support-ClientUITests.xctest"; sourceTree = BUILT_PRODUCTS_DIR; };
		228DC18223F4BE6B00DE95E6 /* Support_ClientUITests.swift */ = {isa = PBXFileReference; lastKnownFileType = sourcecode.swift; path = Support_ClientUITests.swift; sourceTree = "<group>"; };
		228DC18423F4BE6B00DE95E6 /* Info.plist */ = {isa = PBXFileReference; lastKnownFileType = text.plist.xml; path = Info.plist; sourceTree = "<group>"; };
		2F0C45A19BBCC75547F9590D /* Pods_Support_ClientTests.framework */ = {isa = PBXFileReference; explicitFileType = wrapper.framework; includeInIndex = 0; path = Pods_Support_ClientTests.framework; sourceTree = BUILT_PRODUCTS_DIR; };
		34E3B3983E5A5BC06B6D90B9 /* Pods-Support-Client-Support-ClientUITests.debug.xcconfig */ = {isa = PBXFileReference; includeInIndex = 1; lastKnownFileType = text.xcconfig; name = "Pods-Support-Client-Support-ClientUITests.debug.xcconfig"; path = "Target Support Files/Pods-Support-Client-Support-ClientUITests/Pods-Support-Client-Support-ClientUITests.debug.xcconfig"; sourceTree = "<group>"; };
		7FEF4FD115592E342CEFBF7F /* Pods-Support-ClientTests.debug.xcconfig */ = {isa = PBXFileReference; includeInIndex = 1; lastKnownFileType = text.xcconfig; name = "Pods-Support-ClientTests.debug.xcconfig"; path = "Target Support Files/Pods-Support-ClientTests/Pods-Support-ClientTests.debug.xcconfig"; sourceTree = "<group>"; };
		B748E62699F7EB9827A07F20 /* Pods_Support_Client_Support_ClientUITests.framework */ = {isa = PBXFileReference; explicitFileType = wrapper.framework; includeInIndex = 0; path = Pods_Support_Client_Support_ClientUITests.framework; sourceTree = BUILT_PRODUCTS_DIR; };
		CE1F105ADB7202A7EB7E3C6A /* Pods-Support-Client.debug.xcconfig */ = {isa = PBXFileReference; includeInIndex = 1; lastKnownFileType = text.xcconfig; name = "Pods-Support-Client.debug.xcconfig"; path = "Target Support Files/Pods-Support-Client/Pods-Support-Client.debug.xcconfig"; sourceTree = "<group>"; };
		ECAD5CD4FFEFC6E6F89C57FB /* Pods_Support_Client.framework */ = {isa = PBXFileReference; explicitFileType = wrapper.framework; includeInIndex = 0; path = Pods_Support_Client.framework; sourceTree = BUILT_PRODUCTS_DIR; };
/* End PBXFileReference section */

/* Begin PBXFrameworksBuildPhase section */
		228DC15A23F4BE6800DE95E6 /* Frameworks */ = {
			isa = PBXFrameworksBuildPhase;
			buildActionMask = 2147483647;
			files = (
				2839CBDE66C3BE3EC310396B /* Pods_Support_Client.framework in Frameworks */,
			);
			runOnlyForDeploymentPostprocessing = 0;
		};
		228DC17023F4BE6B00DE95E6 /* Frameworks */ = {
			isa = PBXFrameworksBuildPhase;
			buildActionMask = 2147483647;
			files = (
				DF87B096A7F98295B9367203 /* Pods_Support_ClientTests.framework in Frameworks */,
			);
			runOnlyForDeploymentPostprocessing = 0;
		};
		228DC17B23F4BE6B00DE95E6 /* Frameworks */ = {
			isa = PBXFrameworksBuildPhase;
			buildActionMask = 2147483647;
			files = (
				C2B60613F81D7E58C9CE2B44 /* Pods_Support_Client_Support_ClientUITests.framework in Frameworks */,
			);
			runOnlyForDeploymentPostprocessing = 0;
		};
/* End PBXFrameworksBuildPhase section */

/* Begin PBXGroup section */
		228DC15423F4BE6800DE95E6 = {
			isa = PBXGroup;
			children = (
				228DC15F23F4BE6800DE95E6 /* Support-Client */,
				228DC17623F4BE6B00DE95E6 /* Support-ClientTests */,
				228DC18123F4BE6B00DE95E6 /* Support-ClientUITests */,
				228DC15E23F4BE6800DE95E6 /* Products */,
				3E68BFBCCEAD5CD80D0F60D3 /* Pods */,
				B48DC7655CB0682E87CD0F69 /* Frameworks */,
			);
			sourceTree = "<group>";
		};
		228DC15E23F4BE6800DE95E6 /* Products */ = {
			isa = PBXGroup;
			children = (
				228DC15D23F4BE6800DE95E6 /* Support-Client.app */,
				228DC17323F4BE6B00DE95E6 /* Support-ClientTests.xctest */,
				228DC17E23F4BE6B00DE95E6 /* Support-ClientUITests.xctest */,
			);
			name = Products;
			sourceTree = "<group>";
		};
		228DC15F23F4BE6800DE95E6 /* Support-Client */ = {
			isa = PBXGroup;
			children = (
				228DC16023F4BE6800DE95E6 /* AppDelegate.swift */,
				228DC16223F4BE6800DE95E6 /* SceneDelegate.swift */,
				228DC16423F4BE6800DE95E6 /* ViewController.swift */,
				228DC16623F4BE6800DE95E6 /* Main.storyboard */,
				228DC16923F4BE6B00DE95E6 /* Assets.xcassets */,
				228DC16B23F4BE6B00DE95E6 /* LaunchScreen.storyboard */,
				228DC16E23F4BE6B00DE95E6 /* Info.plist */,
			);
			path = "Support-Client";
			sourceTree = "<group>";
		};
		228DC17623F4BE6B00DE95E6 /* Support-ClientTests */ = {
			isa = PBXGroup;
			children = (
				228DC17723F4BE6B00DE95E6 /* Support_ClientTests.swift */,
				228DC17923F4BE6B00DE95E6 /* Info.plist */,
			);
			path = "Support-ClientTests";
			sourceTree = "<group>";
		};
		228DC18123F4BE6B00DE95E6 /* Support-ClientUITests */ = {
			isa = PBXGroup;
			children = (
				228DC18223F4BE6B00DE95E6 /* Support_ClientUITests.swift */,
				228DC18423F4BE6B00DE95E6 /* Info.plist */,
			);
			path = "Support-ClientUITests";
			sourceTree = "<group>";
		};
		3E68BFBCCEAD5CD80D0F60D3 /* Pods */ = {
			isa = PBXGroup;
			children = (
				CE1F105ADB7202A7EB7E3C6A /* Pods-Support-Client.debug.xcconfig */,
				05848653F7128EE7519AC7BE /* Pods-Support-Client.release.xcconfig */,
				34E3B3983E5A5BC06B6D90B9 /* Pods-Support-Client-Support-ClientUITests.debug.xcconfig */,
				20BD3508B111F4B77389672F /* Pods-Support-Client-Support-ClientUITests.release.xcconfig */,
				7FEF4FD115592E342CEFBF7F /* Pods-Support-ClientTests.debug.xcconfig */,
				1A9F1B3671AB68D1F346A9FC /* Pods-Support-ClientTests.release.xcconfig */,
			);
			name = Pods;
			path = Pods;
			sourceTree = "<group>";
		};
		B48DC7655CB0682E87CD0F69 /* Frameworks */ = {
			isa = PBXGroup;
			children = (
				ECAD5CD4FFEFC6E6F89C57FB /* Pods_Support_Client.framework */,
				B748E62699F7EB9827A07F20 /* Pods_Support_Client_Support_ClientUITests.framework */,
				2F0C45A19BBCC75547F9590D /* Pods_Support_ClientTests.framework */,
			);
			name = Frameworks;
			sourceTree = "<group>";
		};
/* End PBXGroup section */

/* Begin PBXNativeTarget section */
		228DC15C23F4BE6800DE95E6 /* Support-Client */ = {
			isa = PBXNativeTarget;
			buildConfigurationList = 228DC18723F4BE6B00DE95E6 /* Build configuration list for PBXNativeTarget "Support-Client" */;
			buildPhases = (
				6C43DF45A054927EA2ADAB55 /* [CP] Check Pods Manifest.lock */,
				228DC15923F4BE6800DE95E6 /* Sources */,
				228DC15A23F4BE6800DE95E6 /* Frameworks */,
				228DC15B23F4BE6800DE95E6 /* Resources */,
			);
			buildRules = (
			);
			dependencies = (
			);
			name = "Support-Client";
			productName = "Support-Client";
			productReference = 228DC15D23F4BE6800DE95E6 /* Support-Client.app */;
			productType = "com.apple.product-type.application";
		};
		228DC17223F4BE6B00DE95E6 /* Support-ClientTests */ = {
			isa = PBXNativeTarget;
			buildConfigurationList = 228DC18A23F4BE6B00DE95E6 /* Build configuration list for PBXNativeTarget "Support-ClientTests" */;
			buildPhases = (
				A9CA186B556F23DBF81B1729 /* [CP] Check Pods Manifest.lock */,
				228DC16F23F4BE6B00DE95E6 /* Sources */,
				228DC17023F4BE6B00DE95E6 /* Frameworks */,
				228DC17123F4BE6B00DE95E6 /* Resources */,
			);
			buildRules = (
			);
			dependencies = (
				228DC17523F4BE6B00DE95E6 /* PBXTargetDependency */,
			);
			name = "Support-ClientTests";
			productName = "Support-ClientTests";
			productReference = 228DC17323F4BE6B00DE95E6 /* Support-ClientTests.xctest */;
			productType = "com.apple.product-type.bundle.unit-test";
		};
		228DC17D23F4BE6B00DE95E6 /* Support-ClientUITests */ = {
			isa = PBXNativeTarget;
			buildConfigurationList = 228DC18D23F4BE6B00DE95E6 /* Build configuration list for PBXNativeTarget "Support-ClientUITests" */;
			buildPhases = (
				E1D8F75394EA7A66DDFAA1CE /* [CP] Check Pods Manifest.lock */,
				228DC17A23F4BE6B00DE95E6 /* Sources */,
				228DC17B23F4BE6B00DE95E6 /* Frameworks */,
				228DC17C23F4BE6B00DE95E6 /* Resources */,
			);
			buildRules = (
			);
			dependencies = (
				228DC18023F4BE6B00DE95E6 /* PBXTargetDependency */,
			);
			name = "Support-ClientUITests";
			productName = "Support-ClientUITests";
			productReference = 228DC17E23F4BE6B00DE95E6 /* Support-ClientUITests.xctest */;
			productType = "com.apple.product-type.bundle.ui-testing";
		};
/* End PBXNativeTarget section */

/* Begin PBXProject section */
		228DC15523F4BE6800DE95E6 /* Project object */ = {
			isa = PBXProject;
			attributes = {
				LastSwiftUpdateCheck = 1120;
				LastUpgradeCheck = 1120;
				ORGANIZATIONNAME = "Cornell Appdev";
				TargetAttributes = {
					228DC15C23F4BE6800DE95E6 = {
						CreatedOnToolsVersion = 11.2.1;
					};
					228DC17223F4BE6B00DE95E6 = {
						CreatedOnToolsVersion = 11.2.1;
						TestTargetID = 228DC15C23F4BE6800DE95E6;
					};
					228DC17D23F4BE6B00DE95E6 = {
						CreatedOnToolsVersion = 11.2.1;
						TestTargetID = 228DC15C23F4BE6800DE95E6;
					};
				};
			};
			buildConfigurationList = 228DC15823F4BE6800DE95E6 /* Build configuration list for PBXProject "Support-Client" */;
			compatibilityVersion = "Xcode 9.3";
			developmentRegion = en;
			hasScannedForEncodings = 0;
			knownRegions = (
				en,
				Base,
			);
			mainGroup = 228DC15423F4BE6800DE95E6;
			productRefGroup = 228DC15E23F4BE6800DE95E6 /* Products */;
			projectDirPath = "";
			projectRoot = "";
			targets = (
				228DC15C23F4BE6800DE95E6 /* Support-Client */,
				228DC17223F4BE6B00DE95E6 /* Support-ClientTests */,
				228DC17D23F4BE6B00DE95E6 /* Support-ClientUITests */,
			);
		};
/* End PBXProject section */

/* Begin PBXResourcesBuildPhase section */
		228DC15B23F4BE6800DE95E6 /* Resources */ = {
			isa = PBXResourcesBuildPhase;
			buildActionMask = 2147483647;
			files = (
				228DC16D23F4BE6B00DE95E6 /* LaunchScreen.storyboard in Resources */,
				228DC16A23F4BE6B00DE95E6 /* Assets.xcassets in Resources */,
				228DC16823F4BE6800DE95E6 /* Main.storyboard in Resources */,
			);
			runOnlyForDeploymentPostprocessing = 0;
		};
		228DC17123F4BE6B00DE95E6 /* Resources */ = {
			isa = PBXResourcesBuildPhase;
			buildActionMask = 2147483647;
			files = (
			);
			runOnlyForDeploymentPostprocessing = 0;
		};
		228DC17C23F4BE6B00DE95E6 /* Resources */ = {
			isa = PBXResourcesBuildPhase;
			buildActionMask = 2147483647;
			files = (
			);
			runOnlyForDeploymentPostprocessing = 0;
		};
/* End PBXResourcesBuildPhase section */

/* Begin PBXShellScriptBuildPhase section */
		6C43DF45A054927EA2ADAB55 /* [CP] Check Pods Manifest.lock */ = {
			isa = PBXShellScriptBuildPhase;
			buildActionMask = 2147483647;
			files = (
			);
			inputFileListPaths = (
			);
			inputPaths = (
				"${PODS_PODFILE_DIR_PATH}/Podfile.lock",
				"${PODS_ROOT}/Manifest.lock",
			);
			name = "[CP] Check Pods Manifest.lock";
			outputFileListPaths = (
			);
			outputPaths = (
				"$(DERIVED_FILE_DIR)/Pods-Support-Client-checkManifestLockResult.txt",
			);
			runOnlyForDeploymentPostprocessing = 0;
			shellPath = /bin/sh;
			shellScript = "diff \"${PODS_PODFILE_DIR_PATH}/Podfile.lock\" \"${PODS_ROOT}/Manifest.lock\" > /dev/null\nif [ $? != 0 ] ; then\n    # print error to STDERR\n    echo \"error: The sandbox is not in sync with the Podfile.lock. Run 'pod install' or update your CocoaPods installation.\" >&2\n    exit 1\nfi\n# This output is used by Xcode 'outputs' to avoid re-running this script phase.\necho \"SUCCESS\" > \"${SCRIPT_OUTPUT_FILE_0}\"\n";
			showEnvVarsInLog = 0;
		};
		A9CA186B556F23DBF81B1729 /* [CP] Check Pods Manifest.lock */ = {
			isa = PBXShellScriptBuildPhase;
			buildActionMask = 2147483647;
			files = (
			);
			inputFileListPaths = (
			);
			inputPaths = (
				"${PODS_PODFILE_DIR_PATH}/Podfile.lock",
				"${PODS_ROOT}/Manifest.lock",
			);
			name = "[CP] Check Pods Manifest.lock";
			outputFileListPaths = (
			);
			outputPaths = (
				"$(DERIVED_FILE_DIR)/Pods-Support-ClientTests-checkManifestLockResult.txt",
			);
			runOnlyForDeploymentPostprocessing = 0;
			shellPath = /bin/sh;
			shellScript = "diff \"${PODS_PODFILE_DIR_PATH}/Podfile.lock\" \"${PODS_ROOT}/Manifest.lock\" > /dev/null\nif [ $? != 0 ] ; then\n    # print error to STDERR\n    echo \"error: The sandbox is not in sync with the Podfile.lock. Run 'pod install' or update your CocoaPods installation.\" >&2\n    exit 1\nfi\n# This output is used by Xcode 'outputs' to avoid re-running this script phase.\necho \"SUCCESS\" > \"${SCRIPT_OUTPUT_FILE_0}\"\n";
			showEnvVarsInLog = 0;
		};
		E1D8F75394EA7A66DDFAA1CE /* [CP] Check Pods Manifest.lock */ = {
			isa = PBXShellScriptBuildPhase;
			buildActionMask = 2147483647;
			files = (
			);
			inputFileListPaths = (
			);
			inputPaths = (
				"${PODS_PODFILE_DIR_PATH}/Podfile.lock",
				"${PODS_ROOT}/Manifest.lock",
			);
			name = "[CP] Check Pods Manifest.lock";
			outputFileListPaths = (
			);
			outputPaths = (
				"$(DERIVED_FILE_DIR)/Pods-Support-Client-Support-ClientUITests-checkManifestLockResult.txt",
			);
			runOnlyForDeploymentPostprocessing = 0;
			shellPath = /bin/sh;
			shellScript = "diff \"${PODS_PODFILE_DIR_PATH}/Podfile.lock\" \"${PODS_ROOT}/Manifest.lock\" > /dev/null\nif [ $? != 0 ] ; then\n    # print error to STDERR\n    echo \"error: The sandbox is not in sync with the Podfile.lock. Run 'pod install' or update your CocoaPods installation.\" >&2\n    exit 1\nfi\n# This output is used by Xcode 'outputs' to avoid re-running this script phase.\necho \"SUCCESS\" > \"${SCRIPT_OUTPUT_FILE_0}\"\n";
			showEnvVarsInLog = 0;
		};
/* End PBXShellScriptBuildPhase section */

/* Begin PBXSourcesBuildPhase section */
		228DC15923F4BE6800DE95E6 /* Sources */ = {
			isa = PBXSourcesBuildPhase;
			buildActionMask = 2147483647;
			files = (
				228DC16523F4BE6800DE95E6 /* ViewController.swift in Sources */,
				228DC16123F4BE6800DE95E6 /* AppDelegate.swift in Sources */,
				228DC16323F4BE6800DE95E6 /* SceneDelegate.swift in Sources */,
			);
			runOnlyForDeploymentPostprocessing = 0;
		};
		228DC16F23F4BE6B00DE95E6 /* Sources */ = {
			isa = PBXSourcesBuildPhase;
			buildActionMask = 2147483647;
			files = (
				228DC17823F4BE6B00DE95E6 /* Support_ClientTests.swift in Sources */,
			);
			runOnlyForDeploymentPostprocessing = 0;
		};
		228DC17A23F4BE6B00DE95E6 /* Sources */ = {
			isa = PBXSourcesBuildPhase;
			buildActionMask = 2147483647;
			files = (
				228DC18323F4BE6B00DE95E6 /* Support_ClientUITests.swift in Sources */,
			);
			runOnlyForDeploymentPostprocessing = 0;
		};
/* End PBXSourcesBuildPhase section */

/* Begin PBXTargetDependency section */
		228DC17523F4BE6B00DE95E6 /* PBXTargetDependency */ = {
			isa = PBXTargetDependency;
			target = 228DC15C23F4BE6800DE95E6 /* Support-Client */;
			targetProxy = 228DC17423F4BE6B00DE95E6 /* PBXContainerItemProxy */;
		};
		228DC18023F4BE6B00DE95E6 /* PBXTargetDependency */ = {
			isa = PBXTargetDependency;
			target = 228DC15C23F4BE6800DE95E6 /* Support-Client */;
			targetProxy = 228DC17F23F4BE6B00DE95E6 /* PBXContainerItemProxy */;
		};
/* End PBXTargetDependency section */

/* Begin PBXVariantGroup section */
		228DC16623F4BE6800DE95E6 /* Main.storyboard */ = {
			isa = PBXVariantGroup;
			children = (
				228DC16723F4BE6800DE95E6 /* Base */,
			);
			name = Main.storyboard;
			sourceTree = "<group>";
		};
		228DC16B23F4BE6B00DE95E6 /* LaunchScreen.storyboard */ = {
			isa = PBXVariantGroup;
			children = (
				228DC16C23F4BE6B00DE95E6 /* Base */,
			);
			name = LaunchScreen.storyboard;
			sourceTree = "<group>";
		};
/* End PBXVariantGroup section */

/* Begin XCBuildConfiguration section */
		228DC18523F4BE6B00DE95E6 /* Debug */ = {
			isa = XCBuildConfiguration;
			buildSettings = {
				ALWAYS_SEARCH_USER_PATHS = NO;
				CLANG_ANALYZER_NONNULL = YES;
				CLANG_ANALYZER_NUMBER_OBJECT_CONVERSION = YES_AGGRESSIVE;
				CLANG_CXX_LANGUAGE_STANDARD = "gnu++14";
				CLANG_CXX_LIBRARY = "libc++";
				CLANG_ENABLE_MODULES = YES;
				CLANG_ENABLE_OBJC_ARC = YES;
				CLANG_ENABLE_OBJC_WEAK = YES;
				CLANG_WARN_BLOCK_CAPTURE_AUTORELEASING = YES;
				CLANG_WARN_BOOL_CONVERSION = YES;
				CLANG_WARN_COMMA = YES;
				CLANG_WARN_CONSTANT_CONVERSION = YES;
				CLANG_WARN_DEPRECATED_OBJC_IMPLEMENTATIONS = YES;
				CLANG_WARN_DIRECT_OBJC_ISA_USAGE = YES_ERROR;
				CLANG_WARN_DOCUMENTATION_COMMENTS = YES;
				CLANG_WARN_EMPTY_BODY = YES;
				CLANG_WARN_ENUM_CONVERSION = YES;
				CLANG_WARN_INFINITE_RECURSION = YES;
				CLANG_WARN_INT_CONVERSION = YES;
				CLANG_WARN_NON_LITERAL_NULL_CONVERSION = YES;
				CLANG_WARN_OBJC_IMPLICIT_RETAIN_SELF = YES;
				CLANG_WARN_OBJC_LITERAL_CONVERSION = YES;
				CLANG_WARN_OBJC_ROOT_CLASS = YES_ERROR;
				CLANG_WARN_RANGE_LOOP_ANALYSIS = YES;
				CLANG_WARN_STRICT_PROTOTYPES = YES;
				CLANG_WARN_SUSPICIOUS_MOVE = YES;
				CLANG_WARN_UNGUARDED_AVAILABILITY = YES_AGGRESSIVE;
				CLANG_WARN_UNREACHABLE_CODE = YES;
				CLANG_WARN__DUPLICATE_METHOD_MATCH = YES;
				COPY_PHASE_STRIP = NO;
				DEBUG_INFORMATION_FORMAT = dwarf;
				ENABLE_STRICT_OBJC_MSGSEND = YES;
				ENABLE_TESTABILITY = YES;
				GCC_C_LANGUAGE_STANDARD = gnu11;
				GCC_DYNAMIC_NO_PIC = NO;
				GCC_NO_COMMON_BLOCKS = YES;
				GCC_OPTIMIZATION_LEVEL = 0;
				GCC_PREPROCESSOR_DEFINITIONS = (
					"DEBUG=1",
					"$(inherited)",
				);
				GCC_WARN_64_TO_32_BIT_CONVERSION = YES;
				GCC_WARN_ABOUT_RETURN_TYPE = YES_ERROR;
				GCC_WARN_UNDECLARED_SELECTOR = YES;
				GCC_WARN_UNINITIALIZED_AUTOS = YES_AGGRESSIVE;
				GCC_WARN_UNUSED_FUNCTION = YES;
				GCC_WARN_UNUSED_VARIABLE = YES;
				IPHONEOS_DEPLOYMENT_TARGET = 13.2;
				MTL_ENABLE_DEBUG_INFO = INCLUDE_SOURCE;
				MTL_FAST_MATH = YES;
				ONLY_ACTIVE_ARCH = YES;
				SDKROOT = iphoneos;
				SWIFT_ACTIVE_COMPILATION_CONDITIONS = DEBUG;
				SWIFT_OPTIMIZATION_LEVEL = "-Onone";
			};
			name = Debug;
		};
		228DC18623F4BE6B00DE95E6 /* Release */ = {
			isa = XCBuildConfiguration;
			buildSettings = {
				ALWAYS_SEARCH_USER_PATHS = NO;
				CLANG_ANALYZER_NONNULL = YES;
				CLANG_ANALYZER_NUMBER_OBJECT_CONVERSION = YES_AGGRESSIVE;
				CLANG_CXX_LANGUAGE_STANDARD = "gnu++14";
				CLANG_CXX_LIBRARY = "libc++";
				CLANG_ENABLE_MODULES = YES;
				CLANG_ENABLE_OBJC_ARC = YES;
				CLANG_ENABLE_OBJC_WEAK = YES;
				CLANG_WARN_BLOCK_CAPTURE_AUTORELEASING = YES;
				CLANG_WARN_BOOL_CONVERSION = YES;
				CLANG_WARN_COMMA = YES;
				CLANG_WARN_CONSTANT_CONVERSION = YES;
				CLANG_WARN_DEPRECATED_OBJC_IMPLEMENTATIONS = YES;
				CLANG_WARN_DIRECT_OBJC_ISA_USAGE = YES_ERROR;
				CLANG_WARN_DOCUMENTATION_COMMENTS = YES;
				CLANG_WARN_EMPTY_BODY = YES;
				CLANG_WARN_ENUM_CONVERSION = YES;
				CLANG_WARN_INFINITE_RECURSION = YES;
				CLANG_WARN_INT_CONVERSION = YES;
				CLANG_WARN_NON_LITERAL_NULL_CONVERSION = YES;
				CLANG_WARN_OBJC_IMPLICIT_RETAIN_SELF = YES;
				CLANG_WARN_OBJC_LITERAL_CONVERSION = YES;
				CLANG_WARN_OBJC_ROOT_CLASS = YES_ERROR;
				CLANG_WARN_RANGE_LOOP_ANALYSIS = YES;
				CLANG_WARN_STRICT_PROTOTYPES = YES;
				CLANG_WARN_SUSPICIOUS_MOVE = YES;
				CLANG_WARN_UNGUARDED_AVAILABILITY = YES_AGGRESSIVE;
				CLANG_WARN_UNREACHABLE_CODE = YES;
				CLANG_WARN__DUPLICATE_METHOD_MATCH = YES;
				COPY_PHASE_STRIP = NO;
				DEBUG_INFORMATION_FORMAT = "dwarf-with-dsym";
				ENABLE_NS_ASSERTIONS = NO;
				ENABLE_STRICT_OBJC_MSGSEND = YES;
				GCC_C_LANGUAGE_STANDARD = gnu11;
				GCC_NO_COMMON_BLOCKS = YES;
				GCC_WARN_64_TO_32_BIT_CONVERSION = YES;
				GCC_WARN_ABOUT_RETURN_TYPE = YES_ERROR;
				GCC_WARN_UNDECLARED_SELECTOR = YES;
				GCC_WARN_UNINITIALIZED_AUTOS = YES_AGGRESSIVE;
				GCC_WARN_UNUSED_FUNCTION = YES;
				GCC_WARN_UNUSED_VARIABLE = YES;
				IPHONEOS_DEPLOYMENT_TARGET = 13.2;
				MTL_ENABLE_DEBUG_INFO = NO;
				MTL_FAST_MATH = YES;
				SDKROOT = iphoneos;
				SWIFT_COMPILATION_MODE = wholemodule;
				SWIFT_OPTIMIZATION_LEVEL = "-O";
				VALIDATE_PRODUCT = YES;
			};
			name = Release;
		};
		228DC18823F4BE6B00DE95E6 /* Debug */ = {
			isa = XCBuildConfiguration;
			baseConfigurationReference = CE1F105ADB7202A7EB7E3C6A /* Pods-Support-Client.debug.xcconfig */;
			buildSettings = {
				ASSETCATALOG_COMPILER_APPICON_NAME = AppIcon;
				CODE_SIGN_STYLE = Automatic;
				DEVELOPMENT_TEAM = 524YAK9BG3;
				INFOPLIST_FILE = "Support-Client/Info.plist";
				LD_RUNPATH_SEARCH_PATHS = (
					"$(inherited)",
					"@executable_path/Frameworks",
				);
				PRODUCT_BUNDLE_IDENTIFIER = "com.cornellappdev.Support-Client";
				PRODUCT_NAME = "$(TARGET_NAME)";
				SWIFT_VERSION = 5.0;
				TARGETED_DEVICE_FAMILY = "1,2";
			};
			name = Debug;
		};
		228DC18923F4BE6B00DE95E6 /* Release */ = {
			isa = XCBuildConfiguration;
			baseConfigurationReference = 05848653F7128EE7519AC7BE /* Pods-Support-Client.release.xcconfig */;
			buildSettings = {
				ASSETCATALOG_COMPILER_APPICON_NAME = AppIcon;
				CODE_SIGN_STYLE = Automatic;
				DEVELOPMENT_TEAM = 524YAK9BG3;
				INFOPLIST_FILE = "Support-Client/Info.plist";
				LD_RUNPATH_SEARCH_PATHS = (
					"$(inherited)",
					"@executable_path/Frameworks",
				);
				PRODUCT_BUNDLE_IDENTIFIER = "com.cornellappdev.Support-Client";
				PRODUCT_NAME = "$(TARGET_NAME)";
				SWIFT_VERSION = 5.0;
				TARGETED_DEVICE_FAMILY = "1,2";
			};
			name = Release;
		};
		228DC18B23F4BE6B00DE95E6 /* Debug */ = {
			isa = XCBuildConfiguration;
			baseConfigurationReference = 7FEF4FD115592E342CEFBF7F /* Pods-Support-ClientTests.debug.xcconfig */;
			buildSettings = {
				ALWAYS_EMBED_SWIFT_STANDARD_LIBRARIES = YES;
				BUNDLE_LOADER = "$(TEST_HOST)";
				CODE_SIGN_STYLE = Automatic;
				DEVELOPMENT_TEAM = 524YAK9BG3;
				INFOPLIST_FILE = "Support-ClientTests/Info.plist";
				IPHONEOS_DEPLOYMENT_TARGET = 13.2;
				LD_RUNPATH_SEARCH_PATHS = (
					"$(inherited)",
					"@executable_path/Frameworks",
					"@loader_path/Frameworks",
				);
				PRODUCT_BUNDLE_IDENTIFIER = "com.cornellappdev.Support-ClientTests";
				PRODUCT_NAME = "$(TARGET_NAME)";
				SWIFT_VERSION = 5.0;
				TARGETED_DEVICE_FAMILY = "1,2";
				TEST_HOST = "$(BUILT_PRODUCTS_DIR)/Support-Client.app/Support-Client";
			};
			name = Debug;
		};
		228DC18C23F4BE6B00DE95E6 /* Release */ = {
			isa = XCBuildConfiguration;
			baseConfigurationReference = 1A9F1B3671AB68D1F346A9FC /* Pods-Support-ClientTests.release.xcconfig */;
			buildSettings = {
				ALWAYS_EMBED_SWIFT_STANDARD_LIBRARIES = YES;
				BUNDLE_LOADER = "$(TEST_HOST)";
				CODE_SIGN_STYLE = Automatic;
				DEVELOPMENT_TEAM = 524YAK9BG3;
				INFOPLIST_FILE = "Support-ClientTests/Info.plist";
				IPHONEOS_DEPLOYMENT_TARGET = 13.2;
				LD_RUNPATH_SEARCH_PATHS = (
					"$(inherited)",
					"@executable_path/Frameworks",
					"@loader_path/Frameworks",
				);
				PRODUCT_BUNDLE_IDENTIFIER = "com.cornellappdev.Support-ClientTests";
				PRODUCT_NAME = "$(TARGET_NAME)";
				SWIFT_VERSION = 5.0;
				TARGETED_DEVICE_FAMILY = "1,2";
				TEST_HOST = "$(BUILT_PRODUCTS_DIR)/Support-Client.app/Support-Client";
			};
			name = Release;
		};
		228DC18E23F4BE6B00DE95E6 /* Debug */ = {
			isa = XCBuildConfiguration;
			baseConfigurationReference = 34E3B3983E5A5BC06B6D90B9 /* Pods-Support-Client-Support-ClientUITests.debug.xcconfig */;
			buildSettings = {
				ALWAYS_EMBED_SWIFT_STANDARD_LIBRARIES = YES;
				CODE_SIGN_STYLE = Automatic;
				DEVELOPMENT_TEAM = 524YAK9BG3;
				INFOPLIST_FILE = "Support-ClientUITests/Info.plist";
				LD_RUNPATH_SEARCH_PATHS = (
					"$(inherited)",
					"@executable_path/Frameworks",
					"@loader_path/Frameworks",
				);
				PRODUCT_BUNDLE_IDENTIFIER = "com.cornellappdev.Support-ClientUITests";
				PRODUCT_NAME = "$(TARGET_NAME)";
				SWIFT_VERSION = 5.0;
				TARGETED_DEVICE_FAMILY = "1,2";
				TEST_TARGET_NAME = "Support-Client";
			};
			name = Debug;
		};
		228DC18F23F4BE6B00DE95E6 /* Release */ = {
			isa = XCBuildConfiguration;
			baseConfigurationReference = 20BD3508B111F4B77389672F /* Pods-Support-Client-Support-ClientUITests.release.xcconfig */;
			buildSettings = {
				ALWAYS_EMBED_SWIFT_STANDARD_LIBRARIES = YES;
				CODE_SIGN_STYLE = Automatic;
				DEVELOPMENT_TEAM = 524YAK9BG3;
				INFOPLIST_FILE = "Support-ClientUITests/Info.plist";
				LD_RUNPATH_SEARCH_PATHS = (
					"$(inherited)",
					"@executable_path/Frameworks",
					"@loader_path/Frameworks",
				);
				PRODUCT_BUNDLE_IDENTIFIER = "com.cornellappdev.Support-ClientUITests";
				PRODUCT_NAME = "$(TARGET_NAME)";
				SWIFT_VERSION = 5.0;
				TARGETED_DEVICE_FAMILY = "1,2";
				TEST_TARGET_NAME = "Support-Client";
			};
			name = Release;
		};
/* End XCBuildConfiguration section */

/* Begin XCConfigurationList section */
		228DC15823F4BE6800DE95E6 /* Build configuration list for PBXProject "Support-Client" */ = {
			isa = XCConfigurationList;
			buildConfigurations = (
				228DC18523F4BE6B00DE95E6 /* Debug */,
				228DC18623F4BE6B00DE95E6 /* Release */,
			);
			defaultConfigurationIsVisible = 0;
			defaultConfigurationName = Release;
		};
		228DC18723F4BE6B00DE95E6 /* Build configuration list for PBXNativeTarget "Support-Client" */ = {
			isa = XCConfigurationList;
			buildConfigurations = (
				228DC18823F4BE6B00DE95E6 /* Debug */,
				228DC18923F4BE6B00DE95E6 /* Release */,
			);
			defaultConfigurationIsVisible = 0;
			defaultConfigurationName = Release;
		};
		228DC18A23F4BE6B00DE95E6 /* Build configuration list for PBXNativeTarget "Support-ClientTests" */ = {
			isa = XCConfigurationList;
			buildConfigurations = (
				228DC18B23F4BE6B00DE95E6 /* Debug */,
				228DC18C23F4BE6B00DE95E6 /* Release */,
			);
			defaultConfigurationIsVisible = 0;
			defaultConfigurationName = Release;
		};
		228DC18D23F4BE6B00DE95E6 /* Build configuration list for PBXNativeTarget "Support-ClientUITests" */ = {
			isa = XCConfigurationList;
			buildConfigurations = (
				228DC18E23F4BE6B00DE95E6 /* Debug */,
				228DC18F23F4BE6B00DE95E6 /* Release */,
			);
			defaultConfigurationIsVisible = 0;
			defaultConfigurationName = Release;
		};
/* End XCConfigurationList section */
	};
	rootObject = 228DC15523F4BE6800DE95E6 /* Project object */;
}
