PODS:
  - BSImagePicker (3.1.1)
  - DZNEmptyDataSet (1.8.1)
  - SnapKit (5.0.1)

DEPENDENCIES:
  - BSImagePicker
  - DZNEmptyDataSet
  - SnapKit

SPEC REPOS:
  trunk:
    - BSImagePicker
    - DZNEmptyDataSet
    - SnapKit

SPEC CHECKSUMS:
  BSImagePicker: 86f28e0f63b78d35fec7c6f0174b7af9e6f1431e
  DZNEmptyDataSet: 9525833b9e68ac21c30253e1d3d7076cc828eaa7
  SnapKit: 97b92857e3df3a0c71833cce143274bf6ef8e5eb

PODFILE CHECKSUM: dd14bb5210c23e5567ac20c2256688f5b8de8dea

COCOAPODS: 1.8.4
